
Microsoft Visual Studio Solution File, Format Version 12.00
# Visual Studio Version 16
VisualStudioVersion = 16.0.30621.155
MinimumVisualStudioVersion = 10.0.40219.1
Project("{FAE04EC0-301F-11D3-BF4B-00C04F79EFBC}") = "Session3", "Session3.csproj", "{B7C840F3-7435-4C31-B0F2-4E1E544EF7B6}"
EndProject
Global
	GlobalSection(SolutionConfigurationPlatforms) = preSolution
		Debug|Any CPU = Debug|Any CPU
		Release|Any CPU = Release|Any CPU
	EndGlobalSection
	GlobalSection(ProjectConfigurationPlatforms) = postSolution
		{B7C840F3-7435-4C31-B0F2-4E1E544EF7B6}.Debug|Any CPU.ActiveCfg = Debug|Any CPU
		{B7C840F3-7435-4C31-B0F2-4E1E544EF7B6}.Debug|Any CPU.Build.0 = Debug|Any CPU
		{B7C840F3-7435-4C31-B0F2-4E1E544EF7B6}.Release|Any CPU.ActiveCfg = Release|Any CPU
		{B7C840F3-7435-4C31-B0F2-4E1E544EF7B6}.Release|Any CPU.Build.0 = Release|Any CPU
	EndGlobalSection
	GlobalSection(SolutionProperties) = preSolution
		HideSolutionNode = FALSE
	EndGlobalSection
	GlobalSection(ExtensibilityGlobals) = postSolution
		SolutionGuid = {31E4F948-EA38-4821-922E-BF832273EEE4}
	EndGlobalSection
EndGlobal
